
Microsoft Visual Studio Solution File, Format Version 12.00
# Visual Studio Version 17
VisualStudioVersion = 17.3.32929.385
MinimumVisualStudioVersion = 10.0.40219.1
Project("{FAE04EC0-301F-11D3-BF4B-00C04F79EFBC}") = "ATM.DAL", "ATM.DAL\ATM.DAL.csproj", "{227F18B8-98BE-47CB-B030-9D11042A5508}"
EndProject
Project("{FAE04EC0-301F-11D3-BF4B-00C04F79EFBC}") = "ATM.BLL", "ATM.BLL\ATM.BLL.csproj", "{86CE7F47-0C22-4EFB-A21B-E0A15430CED5}"
EndProject
Project("{FAE04EC0-301F-11D3-BF4B-00C04F79EFBC}") = "ATM.UI", "ATM.UI\ATM.UI.csproj", "{9616AFEA-7915-49C1-ADAB-6062EC8C961C}"
EndProject
Global
	GlobalSection(SolutionConfigurationPlatforms) = preSolution
		Debug|Any CPU = Debug|Any CPU
		Release|Any CPU = Release|Any CPU
	EndGlobalSection
	GlobalSection(ProjectConfigurationPlatforms) = postSolution
		{227F18B8-98BE-47CB-B030-9D11042A5508}.Debug|Any CPU.ActiveCfg = Debug|Any CPU
		{227F18B8-98BE-47CB-B030-9D11042A5508}.Debug|Any CPU.Build.0 = Debug|Any CPU
		{227F18B8-98BE-47CB-B030-9D11042A5508}.Release|Any CPU.ActiveCfg = Release|Any CPU
		{227F18B8-98BE-47CB-B030-9D11042A5508}.Release|Any CPU.Build.0 = Release|Any CPU
		{86CE7F47-0C22-4EFB-A21B-E0A15430CED5}.Debug|Any CPU.ActiveCfg = Debug|Any CPU
		{86CE7F47-0C22-4EFB-A21B-E0A15430CED5}.Debug|Any CPU.Build.0 = Debug|Any CPU
		{86CE7F47-0C22-4EFB-A21B-E0A15430CED5}.Release|Any CPU.ActiveCfg = Release|Any CPU
		{86CE7F47-0C22-4EFB-A21B-E0A15430CED5}.Release|Any CPU.Build.0 = Release|Any CPU
		{9616AFEA-7915-49C1-ADAB-6062EC8C961C}.Debug|Any CPU.ActiveCfg = Debug|Any CPU
		{9616AFEA-7915-49C1-ADAB-6062EC8C961C}.Debug|Any CPU.Build.0 = Debug|Any CPU
		{9616AFEA-7915-49C1-ADAB-6062EC8C961C}.Release|Any CPU.ActiveCfg = Release|Any CPU
		{9616AFEA-7915-49C1-ADAB-6062EC8C961C}.Release|Any CPU.Build.0 = Release|Any CPU
	EndGlobalSection
	GlobalSection(SolutionProperties) = preSolution
		HideSolutionNode = FALSE
	EndGlobalSection
	GlobalSection(ExtensibilityGlobals) = postSolution
		SolutionGuid = {2CA9B9BD-CF62-4F2F-801D-F9AD7F68D539}
	EndGlobalSection
EndGlobal
